
Microsoft Visual Studio Solution File, Format Version 12.00
# Visual Studio Version 16
VisualStudioVersion = 16.0.31205.134
MinimumVisualStudioVersion = 10.0.40219.1
Project("{2150E333-8FDC-42A3-9474-1A3956D46DE8}") = "Services", "Services", "{4EB92755-7FAD-4480-9546-0AC2E923B00A}"
EndProject
Project("{FAE04EC0-301F-11D3-BF4B-00C04F79EFBC}") = "Catalog", "Catalog\Catalog.csproj", "{73BDB9A5-884B-43DB-BAFB-3AA76B5C5BDC}"
EndProject
Project("{FAE04EC0-301F-11D3-BF4B-00C04F79EFBC}") = "StreamService", "StreamService\StreamService.csproj", "{EAF290CE-44BB-43AB-8CC8-CF049A59B9F6}"
EndProject
Project("{2150E333-8FDC-42A3-9474-1A3956D46DE8}") = "GW", "GW", "{DCEDDB0F-FB0D-44D5-A2AD-8E84FC5ABCF3}"
EndProject
Project("{FAE04EC0-301F-11D3-BF4B-00C04F79EFBC}") = "MainGateway", "MainGateway\MainGateway.csproj", "{057E1DB1-FB5B-4236-9877-D618CD9B67FE}"
EndProject
Project("{E53339B2-1760-4266-BCC7-CA923CBCF16C}") = "docker-compose", "docker-compose.dcproj", "{A8EB7B38-3551-4F4F-88EC-D981A3DAC07D}"
EndProject
Global
	GlobalSection(SolutionConfigurationPlatforms) = preSolution
		Debug|Any CPU = Debug|Any CPU
		Release|Any CPU = Release|Any CPU
	EndGlobalSection
	GlobalSection(ProjectConfigurationPlatforms) = postSolution
		{73BDB9A5-884B-43DB-BAFB-3AA76B5C5BDC}.Debug|Any CPU.ActiveCfg = Debug|Any CPU
		{73BDB9A5-884B-43DB-BAFB-3AA76B5C5BDC}.Debug|Any CPU.Build.0 = Debug|Any CPU
		{73BDB9A5-884B-43DB-BAFB-3AA76B5C5BDC}.Release|Any CPU.ActiveCfg = Release|Any CPU
		{73BDB9A5-884B-43DB-BAFB-3AA76B5C5BDC}.Release|Any CPU.Build.0 = Release|Any CPU
		{EAF290CE-44BB-43AB-8CC8-CF049A59B9F6}.Debug|Any CPU.ActiveCfg = Debug|Any CPU
		{EAF290CE-44BB-43AB-8CC8-CF049A59B9F6}.Debug|Any CPU.Build.0 = Debug|Any CPU
		{EAF290CE-44BB-43AB-8CC8-CF049A59B9F6}.Release|Any CPU.ActiveCfg = Release|Any CPU
		{EAF290CE-44BB-43AB-8CC8-CF049A59B9F6}.Release|Any CPU.Build.0 = Release|Any CPU
		{057E1DB1-FB5B-4236-9877-D618CD9B67FE}.Debug|Any CPU.ActiveCfg = Debug|Any CPU
		{057E1DB1-FB5B-4236-9877-D618CD9B67FE}.Debug|Any CPU.Build.0 = Debug|Any CPU
		{057E1DB1-FB5B-4236-9877-D618CD9B67FE}.Release|Any CPU.ActiveCfg = Release|Any CPU
		{057E1DB1-FB5B-4236-9877-D618CD9B67FE}.Release|Any CPU.Build.0 = Release|Any CPU
		{A8EB7B38-3551-4F4F-88EC-D981A3DAC07D}.Debug|Any CPU.ActiveCfg = Debug|Any CPU
		{A8EB7B38-3551-4F4F-88EC-D981A3DAC07D}.Debug|Any CPU.Build.0 = Debug|Any CPU
		{A8EB7B38-3551-4F4F-88EC-D981A3DAC07D}.Release|Any CPU.ActiveCfg = Release|Any CPU
		{A8EB7B38-3551-4F4F-88EC-D981A3DAC07D}.Release|Any CPU.Build.0 = Release|Any CPU
	EndGlobalSection
	GlobalSection(SolutionProperties) = preSolution
		HideSolutionNode = FALSE
	EndGlobalSection
	GlobalSection(NestedProjects) = preSolution
		{73BDB9A5-884B-43DB-BAFB-3AA76B5C5BDC} = {4EB92755-7FAD-4480-9546-0AC2E923B00A}
		{EAF290CE-44BB-43AB-8CC8-CF049A59B9F6} = {4EB92755-7FAD-4480-9546-0AC2E923B00A}
		{057E1DB1-FB5B-4236-9877-D618CD9B67FE} = {DCEDDB0F-FB0D-44D5-A2AD-8E84FC5ABCF3}
	EndGlobalSection
	GlobalSection(ExtensibilityGlobals) = postSolution
		SolutionGuid = {A08670EB-5C81-4D35-ABD3-C83CA497AEFF}
	EndGlobalSection
EndGlobal
